PODS:
  - SwifterSwift (4.1.1):
    - SwifterSwift/AppKit (= 4.1.1)
    - SwifterSwift/CoreGraphics (= 4.1.1)
    - SwifterSwift/CoreLocation (= 4.1.1)
    - SwifterSwift/Foundation (= 4.1.1)
    - SwifterSwift/SwiftStdlib (= 4.1.1)
    - SwifterSwift/UIKit (= 4.1.1)
  - SwifterSwift/AppKit (4.1.1)
  - SwifterSwift/CoreGraphics (4.1.1)
  - SwifterSwift/CoreLocation (4.1.1)
  - SwifterSwift/Foundation (4.1.1)
  - SwifterSwift/SwiftStdlib (4.1.1)
  - SwifterSwift/UIKit (4.1.1)

DEPENDENCIES:
  - SwifterSwift

SPEC CHECKSUMS:
  SwifterSwift: bfcae9d659dfd306d164f13f72cad09198f30723

PODFILE CHECKSUM: 2cb53e8d336ca4528931da5f7b2747e609923753

COCOAPODS: 1.4.0.rc.1
